// !$*UTF8*$!
{
	archiveVersion = 1;
	classes = {
	};
	objectVersion = 56;
	objects = {

/* Begin PBXBuildFile section */
		063F68FA2BE0D05A00C8CB49 /* MainHorizontalScrollView.swift in Sources */ = {isa = PBXBuildFile; fileRef = 063F68F92BE0D05A00C8CB49 /* MainHorizontalScrollView.swift */; };
		063F68FC2BE0D33600C8CB49 /* TestView.swift in Sources */ = {isa = PBXBuildFile; fileRef = 063F68FB2BE0D33600C8CB49 /* TestView.swift */; };
		063F690B2BE1DFC200C8CB49 /* OneWeatherData.swift in Sources */ = {isa = PBXBuildFile; fileRef = 063F690A2BE1DFC200C8CB49 /* OneWeatherData.swift */; };
		063F690D2BE2050100C8CB49 /* WeatherViewModel.swift in Sources */ = {isa = PBXBuildFile; fileRef = 063F690C2BE2050100C8CB49 /* WeatherViewModel.swift */; };
		063F690F2BE2066E00C8CB49 /* TodayView.swift in Sources */ = {isa = PBXBuildFile; fileRef = 063F690E2BE2066E00C8CB49 /* TodayView.swift */; };
		063F69122BE2069C00C8CB49 /* MainView.swift in Sources */ = {isa = PBXBuildFile; fileRef = 063F69112BE2069C00C8CB49 /* MainView.swift */; };
		4A8D33DB2BE0C624007C5582 /* WeatherFUNApp.swift in Sources */ = {isa = PBXBuildFile; fileRef = 4A8D33DA2BE0C624007C5582 /* WeatherFUNApp.swift */; };
		4A8D33DD2BE0C624007C5582 /* ContentView.swift in Sources */ = {isa = PBXBuildFile; fileRef = 4A8D33DC2BE0C624007C5582 /* ContentView.swift */; };
		4A8D33DF2BE0C628007C5582 /* Assets.xcassets in Resources */ = {isa = PBXBuildFile; fileRef = 4A8D33DE2BE0C628007C5582 /* Assets.xcassets */; };
		4A8D33E22BE0C628007C5582 /* Preview Assets.xcassets in Resources */ = {isa = PBXBuildFile; fileRef = 4A8D33E12BE0C628007C5582 /* Preview Assets.xcassets */; };
		4A8D33E92BE0DAA4007C5582 /* WeatherData.swift in Sources */ = {isa = PBXBuildFile; fileRef = 4A8D33E82BE0DAA4007C5582 /* WeatherData.swift */; };
		4A8D33EB2BE0E344007C5582 /* WeatherNetwork.swift in Sources */ = {isa = PBXBuildFile; fileRef = 4A8D33EA2BE0E344007C5582 /* WeatherNetwork.swift */; };
		4A8D33EF2BE12891007C5582 /* WeatherTestView.swift in Sources */ = {isa = PBXBuildFile; fileRef = 4A8D33EE2BE12891007C5582 /* WeatherTestView.swift */; };
		4A8D33F12BE136E9007C5582 /* LocationManager.swift in Sources */ = {isa = PBXBuildFile; fileRef = 4A8D33F02BE136E9007C5582 /* LocationManager.swift */; };
		53089D832BE0D00D005ECA94 /* MainVerticalScrollView.swift in Sources */ = {isa = PBXBuildFile; fileRef = 53089D822BE0D00D005ECA94 /* MainVerticalScrollView.swift */; };
/* End PBXBuildFile section */

/* Begin PBXFileReference section */
		063F68F92BE0D05A00C8CB49 /* MainHorizontalScrollView.swift */ = {isa = PBXFileReference; lastKnownFileType = sourcecode.swift; path = MainHorizontalScrollView.swift; sourceTree = "<group>"; };
		063F68FB2BE0D33600C8CB49 /* TestView.swift */ = {isa = PBXFileReference; lastKnownFileType = sourcecode.swift; path = TestView.swift; sourceTree = "<group>"; };
		063F690A2BE1DFC200C8CB49 /* OneWeatherData.swift */ = {isa = PBXFileReference; lastKnownFileType = sourcecode.swift; path = OneWeatherData.swift; sourceTree = "<group>"; };
		063F690C2BE2050100C8CB49 /* WeatherViewModel.swift */ = {isa = PBXFileReference; lastKnownFileType = sourcecode.swift; path = WeatherViewModel.swift; sourceTree = "<group>"; };
		063F690E2BE2066E00C8CB49 /* TodayView.swift */ = {isa = PBXFileReference; lastKnownFileType = sourcecode.swift; path = TodayView.swift; sourceTree = "<group>"; };
		063F69112BE2069C00C8CB49 /* MainView.swift */ = {isa = PBXFileReference; lastKnownFileType = sourcecode.swift; path = MainView.swift; sourceTree = "<group>"; };
		4A8D33D72BE0C624007C5582 /* WeatherFUN.app */ = {isa = PBXFileReference; explicitFileType = wrapper.application; includeInIndex = 0; path = WeatherFUN.app; sourceTree = BUILT_PRODUCTS_DIR; };
		4A8D33DA2BE0C624007C5582 /* WeatherFUNApp.swift */ = {isa = PBXFileReference; lastKnownFileType = sourcecode.swift; path = WeatherFUNApp.swift; sourceTree = "<group>"; };
		4A8D33DC2BE0C624007C5582 /* ContentView.swift */ = {isa = PBXFileReference; lastKnownFileType = sourcecode.swift; path = ContentView.swift; sourceTree = "<group>"; };
		4A8D33DE2BE0C628007C5582 /* Assets.xcassets */ = {isa = PBXFileReference; lastKnownFileType = folder.assetcatalog; path = Assets.xcassets; sourceTree = "<group>"; };
		4A8D33E12BE0C628007C5582 /* Preview Assets.xcassets */ = {isa = PBXFileReference; lastKnownFileType = folder.assetcatalog; path = "Preview Assets.xcassets"; sourceTree = "<group>"; };
		4A8D33E82BE0DAA4007C5582 /* WeatherData.swift */ = {isa = PBXFileReference; lastKnownFileType = sourcecode.swift; path = WeatherData.swift; sourceTree = "<group>"; };
		4A8D33EA2BE0E344007C5582 /* WeatherNetwork.swift */ = {isa = PBXFileReference; lastKnownFileType = sourcecode.swift; path = WeatherNetwork.swift; sourceTree = "<group>"; };
		4A8D33EE2BE12891007C5582 /* WeatherTestView.swift */ = {isa = PBXFileReference; lastKnownFileType = sourcecode.swift; path = WeatherTestView.swift; sourceTree = "<group>"; };
		4A8D33F02BE136E9007C5582 /* LocationManager.swift */ = {isa = PBXFileReference; lastKnownFileType = sourcecode.swift; path = LocationManager.swift; sourceTree = "<group>"; };
		4A8D33F22BE138C0007C5582 /* Info.plist */ = {isa = PBXFileReference; lastKnownFileType = text.plist; path = Info.plist; sourceTree = "<group>"; };
		53089D822BE0D00D005ECA94 /* MainVerticalScrollView.swift */ = {isa = PBXFileReference; lastKnownFileType = sourcecode.swift; path = MainVerticalScrollView.swift; sourceTree = "<group>"; };
/* End PBXFileReference section */

/* Begin PBXFrameworksBuildPhase section */
		4A8D33D42BE0C624007C5582 /* Frameworks */ = {
			isa = PBXFrameworksBuildPhase;
			buildActionMask = 2147483647;
			files = (
			);
			runOnlyForDeploymentPostprocessing = 0;
		};
/* End PBXFrameworksBuildPhase section */

/* Begin PBXGroup section */
		063F69102BE2068700C8CB49 /* MainView */ = {
			isa = PBXGroup;
			children = (
				063F69112BE2069C00C8CB49 /* MainView.swift */,
				063F690E2BE2066E00C8CB49 /* TodayView.swift */,
				063F68F92BE0D05A00C8CB49 /* MainHorizontalScrollView.swift */,
				53089D822BE0D00D005ECA94 /* MainVerticalScrollView.swift */,
			);
			path = MainView;
			sourceTree = "<group>";
		};
		063F69132BE2366D00C8CB49 /* Service */ = {
			isa = PBXGroup;
			children = (
				4A8D33EA2BE0E344007C5582 /* WeatherNetwork.swift */,
				063F690A2BE1DFC200C8CB49 /* OneWeatherData.swift */,
				4A8D33E82BE0DAA4007C5582 /* WeatherData.swift */,
				4A8D33F02BE136E9007C5582 /* LocationManager.swift */,
			);
			path = Service;
			sourceTree = "<group>";
		};
		063F69142BE236A300C8CB49 /* ViewModel */ = {
			isa = PBXGroup;
			children = (
				063F690C2BE2050100C8CB49 /* WeatherViewModel.swift */,
			);
			path = ViewModel;
			sourceTree = "<group>";
		};
		063F69152BE236AB00C8CB49 /* Model */ = {
			isa = PBXGroup;
			children = (
			);
			path = Model;
			sourceTree = "<group>";
		};
		063F69162BE236CE00C8CB49 /* View */ = {
			isa = PBXGroup;
			children = (
				063F69102BE2068700C8CB49 /* MainView */,
			);
			path = View;
			sourceTree = "<group>";
		};
		4A8D33CE2BE0C624007C5582 = {
			isa = PBXGroup;
			children = (
				4A8D33D92BE0C624007C5582 /* WeatherFUN */,
				4A8D33D82BE0C624007C5582 /* Products */,
			);
			sourceTree = "<group>";
		};
		4A8D33D82BE0C624007C5582 /* Products */ = {
			isa = PBXGroup;
			children = (
				4A8D33D72BE0C624007C5582 /* WeatherFUN.app */,
			);
			name = Products;
			sourceTree = "<group>";
		};
		4A8D33D92BE0C624007C5582 /* WeatherFUN */ = {
			isa = PBXGroup;
			children = (
				4A8D33DA2BE0C624007C5582 /* WeatherFUNApp.swift */,
				063F69132BE2366D00C8CB49 /* Service */,
				063F69152BE236AB00C8CB49 /* Model */,
				063F69142BE236A300C8CB49 /* ViewModel */,
				063F69162BE236CE00C8CB49 /* View */,
				4A8D33DC2BE0C624007C5582 /* ContentView.swift */,
				063F68FB2BE0D33600C8CB49 /* TestView.swift */,
				4A8D33EE2BE12891007C5582 /* WeatherTestView.swift */,
				4A8D33F22BE138C0007C5582 /* Info.plist */,
				4A8D33DE2BE0C628007C5582 /* Assets.xcassets */,
				4A8D33E02BE0C628007C5582 /* Preview Content */,
			);
			path = WeatherFUN;
			sourceTree = "<group>";
		};
		4A8D33E02BE0C628007C5582 /* Preview Content */ = {
			isa = PBXGroup;
			children = (
				4A8D33E12BE0C628007C5582 /* Preview Assets.xcassets */,
			);
			path = "Preview Content";
			sourceTree = "<group>";
		};
/* End PBXGroup section */

/* Begin PBXNativeTarget section */
		4A8D33D62BE0C624007C5582 /* WeatherFUN */ = {
			isa = PBXNativeTarget;
			buildConfigurationList = 4A8D33E52BE0C628007C5582 /* Build configuration list for PBXNativeTarget "WeatherFUN" */;
			buildPhases = (
				4A8D33D32BE0C624007C5582 /* Sources */,
				4A8D33D42BE0C624007C5582 /* Frameworks */,
				4A8D33D52BE0C624007C5582 /* Resources */,
			);
			buildRules = (
			);
			dependencies = (
			);
			name = WeatherFUN;
			productName = WeatherFUN;
			productReference = 4A8D33D72BE0C624007C5582 /* WeatherFUN.app */;
			productType = "com.apple.product-type.application";
		};
/* End PBXNativeTarget section */

/* Begin PBXProject section */
		4A8D33CF2BE0C624007C5582 /* Project object */ = {
			isa = PBXProject;
			attributes = {
				BuildIndependentTargetsInParallel = 1;
				LastSwiftUpdateCheck = 1530;
				LastUpgradeCheck = 1530;
				TargetAttributes = {
					4A8D33D62BE0C624007C5582 = {
						CreatedOnToolsVersion = 15.3;
					};
				};
			};
			buildConfigurationList = 4A8D33D22BE0C624007C5582 /* Build configuration list for PBXProject "WeatherFUN" */;
			compatibilityVersion = "Xcode 14.0";
			developmentRegion = en;
			hasScannedForEncodings = 0;
			knownRegions = (
				en,
				Base,
			);
			mainGroup = 4A8D33CE2BE0C624007C5582;
			productRefGroup = 4A8D33D82BE0C624007C5582 /* Products */;
			projectDirPath = "";
			projectRoot = "";
			targets = (
				4A8D33D62BE0C624007C5582 /* WeatherFUN */,
			);
		};
/* End PBXProject section */

/* Begin PBXResourcesBuildPhase section */
		4A8D33D52BE0C624007C5582 /* Resources */ = {
			isa = PBXResourcesBuildPhase;
			buildActionMask = 2147483647;
			files = (
				4A8D33E22BE0C628007C5582 /* Preview Assets.xcassets in Resources */,
				4A8D33DF2BE0C628007C5582 /* Assets.xcassets in Resources */,
			);
			runOnlyForDeploymentPostprocessing = 0;
		};
/* End PBXResourcesBuildPhase section */

/* Begin PBXSourcesBuildPhase section */
		4A8D33D32BE0C624007C5582 /* Sources */ = {
			isa = PBXSourcesBuildPhase;
			buildActionMask = 2147483647;
			files = (
				063F68FC2BE0D33600C8CB49 /* TestView.swift in Sources */,
				063F69122BE2069C00C8CB49 /* MainView.swift in Sources */,
				4A8D33E92BE0DAA4007C5582 /* WeatherData.swift in Sources */,
				53089D832BE0D00D005ECA94 /* MainVerticalScrollView.swift in Sources */,
				53089D832BE0D00D005ECA94 /* MainVerticalScrollView.swift in Sources */,
				4A8D33DD2BE0C624007C5582 /* ContentView.swift in Sources */,
				063F690B2BE1DFC200C8CB49 /* OneWeatherData.swift in Sources */,
				063F690F2BE2066E00C8CB49 /* TodayView.swift in Sources */,
				4A8D33EF2BE12891007C5582 /* WeatherTestView.swift in Sources */,
				4A8D33F12BE136E9007C5582 /* LocationManager.swift in Sources */,
				063F68FA2BE0D05A00C8CB49 /* MainHorizontalScrollView.swift in Sources */,
				4A8D33DB2BE0C624007C5582 /* WeatherFUNApp.swift in Sources */,
				063F690D2BE2050100C8CB49 /* WeatherViewModel.swift in Sources */,
				4A8D33EB2BE0E344007C5582 /* WeatherNetwork.swift in Sources */,
			);
			runOnlyForDeploymentPostprocessing = 0;
		};
/* End PBXSourcesBuildPhase section */

/* Begin XCBuildConfiguration section */
		4A8D33E32BE0C628007C5582 /* Debug */ = {
			isa = XCBuildConfiguration;
			buildSettings = {
				ALWAYS_SEARCH_USER_PATHS = NO;
				ASSETCATALOG_COMPILER_GENERATE_SWIFT_ASSET_SYMBOL_EXTENSIONS = YES;
				CLANG_ANALYZER_NONNULL = YES;
				CLANG_ANALYZER_NUMBER_OBJECT_CONVERSION = YES_AGGRESSIVE;
				CLANG_CXX_LANGUAGE_STANDARD = "gnu++20";
				CLANG_ENABLE_MODULES = YES;
				CLANG_ENABLE_OBJC_ARC = YES;
				CLANG_ENABLE_OBJC_WEAK = YES;
				CLANG_WARN_BLOCK_CAPTURE_AUTORELEASING = YES;
				CLANG_WARN_BOOL_CONVERSION = YES;
				CLANG_WARN_COMMA = YES;
				CLANG_WARN_CONSTANT_CONVERSION = YES;
				CLANG_WARN_DEPRECATED_OBJC_IMPLEMENTATIONS = YES;
				CLANG_WARN_DIRECT_OBJC_ISA_USAGE = YES_ERROR;
				CLANG_WARN_DOCUMENTATION_COMMENTS = YES;
				CLANG_WARN_EMPTY_BODY = YES;
				CLANG_WARN_ENUM_CONVERSION = YES;
				CLANG_WARN_INFINITE_RECURSION = YES;
				CLANG_WARN_INT_CONVERSION = YES;
				CLANG_WARN_NON_LITERAL_NULL_CONVERSION = YES;
				CLANG_WARN_OBJC_IMPLICIT_RETAIN_SELF = YES;
				CLANG_WARN_OBJC_LITERAL_CONVERSION = YES;
				CLANG_WARN_OBJC_ROOT_CLASS = YES_ERROR;
				CLANG_WARN_QUOTED_INCLUDE_IN_FRAMEWORK_HEADER = YES;
				CLANG_WARN_RANGE_LOOP_ANALYSIS = YES;
				CLANG_WARN_STRICT_PROTOTYPES = YES;
				CLANG_WARN_SUSPICIOUS_MOVE = YES;
				CLANG_WARN_UNGUARDED_AVAILABILITY = YES_AGGRESSIVE;
				CLANG_WARN_UNREACHABLE_CODE = YES;
				CLANG_WARN__DUPLICATE_METHOD_MATCH = YES;
				COPY_PHASE_STRIP = NO;
				DEBUG_INFORMATION_FORMAT = dwarf;
				ENABLE_STRICT_OBJC_MSGSEND = YES;
				ENABLE_TESTABILITY = YES;
				ENABLE_USER_SCRIPT_SANDBOXING = YES;
				GCC_C_LANGUAGE_STANDARD = gnu17;
				GCC_DYNAMIC_NO_PIC = NO;
				GCC_NO_COMMON_BLOCKS = YES;
				GCC_OPTIMIZATION_LEVEL = 0;
				GCC_PREPROCESSOR_DEFINITIONS = (
					"DEBUG=1",
					"$(inherited)",
				);
				GCC_WARN_64_TO_32_BIT_CONVERSION = YES;
				GCC_WARN_ABOUT_RETURN_TYPE = YES_ERROR;
				GCC_WARN_UNDECLARED_SELECTOR = YES;
				GCC_WARN_UNINITIALIZED_AUTOS = YES_AGGRESSIVE;
				GCC_WARN_UNUSED_FUNCTION = YES;
				GCC_WARN_UNUSED_VARIABLE = YES;
				IPHONEOS_DEPLOYMENT_TARGET = 17.4;
				LOCALIZATION_PREFERS_STRING_CATALOGS = YES;
				MTL_ENABLE_DEBUG_INFO = INCLUDE_SOURCE;
				MTL_FAST_MATH = YES;
				ONLY_ACTIVE_ARCH = YES;
				SDKROOT = iphoneos;
				SWIFT_ACTIVE_COMPILATION_CONDITIONS = "DEBUG $(inherited)";
				SWIFT_OPTIMIZATION_LEVEL = "-Onone";
			};
			name = Debug;
		};
		4A8D33E42BE0C628007C5582 /* Release */ = {
			isa = XCBuildConfiguration;
			buildSettings = {
				ALWAYS_SEARCH_USER_PATHS = NO;
				ASSETCATALOG_COMPILER_GENERATE_SWIFT_ASSET_SYMBOL_EXTENSIONS = YES;
				CLANG_ANALYZER_NONNULL = YES;
				CLANG_ANALYZER_NUMBER_OBJECT_CONVERSION = YES_AGGRESSIVE;
				CLANG_CXX_LANGUAGE_STANDARD = "gnu++20";
				CLANG_ENABLE_MODULES = YES;
				CLANG_ENABLE_OBJC_ARC = YES;
				CLANG_ENABLE_OBJC_WEAK = YES;
				CLANG_WARN_BLOCK_CAPTURE_AUTORELEASING = YES;
				CLANG_WARN_BOOL_CONVERSION = YES;
				CLANG_WARN_COMMA = YES;
				CLANG_WARN_CONSTANT_CONVERSION = YES;
				CLANG_WARN_DEPRECATED_OBJC_IMPLEMENTATIONS = YES;
				CLANG_WARN_DIRECT_OBJC_ISA_USAGE = YES_ERROR;
				CLANG_WARN_DOCUMENTATION_COMMENTS = YES;
				CLANG_WARN_EMPTY_BODY = YES;
				CLANG_WARN_ENUM_CONVERSION = YES;
				CLANG_WARN_INFINITE_RECURSION = YES;
				CLANG_WARN_INT_CONVERSION = YES;
				CLANG_WARN_NON_LITERAL_NULL_CONVERSION = YES;
				CLANG_WARN_OBJC_IMPLICIT_RETAIN_SELF = YES;
				CLANG_WARN_OBJC_LITERAL_CONVERSION = YES;
				CLANG_WARN_OBJC_ROOT_CLASS = YES_ERROR;
				CLANG_WARN_QUOTED_INCLUDE_IN_FRAMEWORK_HEADER = YES;
				CLANG_WARN_RANGE_LOOP_ANALYSIS = YES;
				CLANG_WARN_STRICT_PROTOTYPES = YES;
				CLANG_WARN_SUSPICIOUS_MOVE = YES;
				CLANG_WARN_UNGUARDED_AVAILABILITY = YES_AGGRESSIVE;
				CLANG_WARN_UNREACHABLE_CODE = YES;
				CLANG_WARN__DUPLICATE_METHOD_MATCH = YES;
				COPY_PHASE_STRIP = NO;
				DEBUG_INFORMATION_FORMAT = "dwarf-with-dsym";
				ENABLE_NS_ASSERTIONS = NO;
				ENABLE_STRICT_OBJC_MSGSEND = YES;
				ENABLE_USER_SCRIPT_SANDBOXING = YES;
				GCC_C_LANGUAGE_STANDARD = gnu17;
				GCC_NO_COMMON_BLOCKS = YES;
				GCC_WARN_64_TO_32_BIT_CONVERSION = YES;
				GCC_WARN_ABOUT_RETURN_TYPE = YES_ERROR;
				GCC_WARN_UNDECLARED_SELECTOR = YES;
				GCC_WARN_UNINITIALIZED_AUTOS = YES_AGGRESSIVE;
				GCC_WARN_UNUSED_FUNCTION = YES;
				GCC_WARN_UNUSED_VARIABLE = YES;
				IPHONEOS_DEPLOYMENT_TARGET = 17.4;
				LOCALIZATION_PREFERS_STRING_CATALOGS = YES;
				MTL_ENABLE_DEBUG_INFO = NO;
				MTL_FAST_MATH = YES;
				SDKROOT = iphoneos;
				SWIFT_COMPILATION_MODE = wholemodule;
				VALIDATE_PRODUCT = YES;
			};
			name = Release;
		};
		4A8D33E62BE0C628007C5582 /* Debug */ = {
			isa = XCBuildConfiguration;
			buildSettings = {
				ASSETCATALOG_COMPILER_APPICON_NAME = AppIcon;
				ASSETCATALOG_COMPILER_GLOBAL_ACCENT_COLOR_NAME = AccentColor;
				CODE_SIGN_STYLE = Automatic;
				CURRENT_PROJECT_VERSION = 1;
				DEVELOPMENT_ASSET_PATHS = "\"WeatherFUN/Preview Content\"";
				DEVELOPMENT_TEAM = G9LS4YQCM2;
				ENABLE_PREVIEWS = YES;
				GENERATE_INFOPLIST_FILE = YES;
				INFOPLIST_FILE = WeatherFUN/Info.plist;
				INFOPLIST_KEY_NSLocationWhenInUseUsageDescription = "\"현재 위치를 허용하시겠습니까?\"";
				INFOPLIST_KEY_UIApplicationSceneManifest_Generation = YES;
				INFOPLIST_KEY_UIApplicationSupportsIndirectInputEvents = YES;
				INFOPLIST_KEY_UILaunchScreen_Generation = YES;
				INFOPLIST_KEY_UISupportedInterfaceOrientations_iPad = "UIInterfaceOrientationPortrait UIInterfaceOrientationPortraitUpsideDown UIInterfaceOrientationLandscapeLeft UIInterfaceOrientationLandscapeRight";
				INFOPLIST_KEY_UISupportedInterfaceOrientations_iPhone = "UIInterfaceOrientationPortrait UIInterfaceOrientationLandscapeLeft UIInterfaceOrientationLandscapeRight";
				LD_RUNPATH_SEARCH_PATHS = (
					"$(inherited)",
					"@executable_path/Frameworks",
				);
				MARKETING_VERSION = 1.0;
				PRODUCT_BUNDLE_IDENTIFIER = com.mabatakismith.WeatherFUN;
				PRODUCT_NAME = "$(TARGET_NAME)";
				SWIFT_EMIT_LOC_STRINGS = YES;
				SWIFT_VERSION = 5.0;
				TARGETED_DEVICE_FAMILY = "1,2";
			};
			name = Debug;
		};
		4A8D33E72BE0C628007C5582 /* Release */ = {
			isa = XCBuildConfiguration;
			buildSettings = {
				ASSETCATALOG_COMPILER_APPICON_NAME = AppIcon;
				ASSETCATALOG_COMPILER_GLOBAL_ACCENT_COLOR_NAME = AccentColor;
				CODE_SIGN_STYLE = Automatic;
				CURRENT_PROJECT_VERSION = 1;
				DEVELOPMENT_ASSET_PATHS = "\"WeatherFUN/Preview Content\"";
				DEVELOPMENT_TEAM = G9LS4YQCM2;
				ENABLE_PREVIEWS = YES;
				GENERATE_INFOPLIST_FILE = YES;
				INFOPLIST_FILE = WeatherFUN/Info.plist;
				INFOPLIST_KEY_NSLocationWhenInUseUsageDescription = "\"현재 위치를 허용하시겠습니까?\"";
				INFOPLIST_KEY_UIApplicationSceneManifest_Generation = YES;
				INFOPLIST_KEY_UIApplicationSupportsIndirectInputEvents = YES;
				INFOPLIST_KEY_UILaunchScreen_Generation = YES;
				INFOPLIST_KEY_UISupportedInterfaceOrientations_iPad = "UIInterfaceOrientationPortrait UIInterfaceOrientationPortraitUpsideDown UIInterfaceOrientationLandscapeLeft UIInterfaceOrientationLandscapeRight";
				INFOPLIST_KEY_UISupportedInterfaceOrientations_iPhone = "UIInterfaceOrientationPortrait UIInterfaceOrientationLandscapeLeft UIInterfaceOrientationLandscapeRight";
				LD_RUNPATH_SEARCH_PATHS = (
					"$(inherited)",
					"@executable_path/Frameworks",
				);
				MARKETING_VERSION = 1.0;
				PRODUCT_BUNDLE_IDENTIFIER = com.mabatakismith.WeatherFUN;
				PRODUCT_NAME = "$(TARGET_NAME)";
				SWIFT_EMIT_LOC_STRINGS = YES;
				SWIFT_VERSION = 5.0;
				TARGETED_DEVICE_FAMILY = "1,2";
			};
			name = Release;
		};
/* End XCBuildConfiguration section */

/* Begin XCConfigurationList section */
		4A8D33D22BE0C624007C5582 /* Build configuration list for PBXProject "WeatherFUN" */ = {
			isa = XCConfigurationList;
			buildConfigurations = (
				4A8D33E32BE0C628007C5582 /* Debug */,
				4A8D33E42BE0C628007C5582 /* Release */,
			);
			defaultConfigurationIsVisible = 0;
			defaultConfigurationName = Release;
		};
		4A8D33E52BE0C628007C5582 /* Build configuration list for PBXNativeTarget "WeatherFUN" */ = {
			isa = XCConfigurationList;
			buildConfigurations = (
				4A8D33E62BE0C628007C5582 /* Debug */,
				4A8D33E72BE0C628007C5582 /* Release */,
			);
			defaultConfigurationIsVisible = 0;
			defaultConfigurationName = Release;
		};
/* End XCConfigurationList section */
	};
	rootObject = 4A8D33CF2BE0C624007C5582 /* Project object */;
}
